// !$*UTF8*$!
{
	archiveVersion = 1;
	classes = {
	};
	objectVersion = 46;
	objects = {

/* Begin PBXBuildFile section */
		7EDF4B4F1C03831F0001E08C /* main.m in Sources */ = {isa = PBXBuildFile; fileRef = 7EDF4B4E1C03831F0001E08C /* main.m */; };
		7EDF4B521C03831F0001E08C /* AppDelegate.m in Sources */ = {isa = PBXBuildFile; fileRef = 7EDF4B511C03831F0001E08C /* AppDelegate.m */; };
		7EDF4B5A1C03831F0001E08C /* Assets.xcassets in Resources */ = {isa = PBXBuildFile; fileRef = 7EDF4B591C03831F0001E08C /* Assets.xcassets */; };
		7EDF4B5D1C03831F0001E08C /* LaunchScreen.storyboard in Resources */ = {isa = PBXBuildFile; fileRef = 7EDF4B5B1C03831F0001E08C /* LaunchScreen.storyboard */; };
		7EDF4B681C03831F0001E08C /* MyDemoTests.m in Sources */ = {isa = PBXBuildFile; fileRef = 7EDF4B671C03831F0001E08C /* MyDemoTests.m */; };
		7EDF4B731C03831F0001E08C /* MyDemoUITests.m in Sources */ = {isa = PBXBuildFile; fileRef = 7EDF4B721C03831F0001E08C /* MyDemoUITests.m */; };
		7EDF4B821C0383C60001E08C /* BWModel.m in Sources */ = {isa = PBXBuildFile; fileRef = 7EDF4B811C0383C60001E08C /* BWModel.m */; settings = {ASSET_TAGS = (); }; };
		7EDF4B861C0385B30001E08C /* BWRootViewController.m in Sources */ = {isa = PBXBuildFile; fileRef = 7EDF4B841C0385B30001E08C /* BWRootViewController.m */; settings = {ASSET_TAGS = (); }; };
		7EDF4B871C0385B30001E08C /* BWRootViewController.xib in Resources */ = {isa = PBXBuildFile; fileRef = 7EDF4B851C0385B30001E08C /* BWRootViewController.xib */; settings = {ASSET_TAGS = (); }; };
/* End PBXBuildFile section */

/* Begin PBXContainerItemProxy section */
		7EDF4B641C03831F0001E08C /* PBXContainerItemProxy */ = {
			isa = PBXContainerItemProxy;
			containerPortal = 7EDF4B421C03831F0001E08C /* Project object */;
			proxyType = 1;
			remoteGlobalIDString = 7EDF4B491C03831F0001E08C;
			remoteInfo = MyDemo;
		};
		7EDF4B6F1C03831F0001E08C /* PBXContainerItemProxy */ = {
			isa = PBXContainerItemProxy;
			containerPortal = 7EDF4B421C03831F0001E08C /* Project object */;
			proxyType = 1;
			remoteGlobalIDString = 7EDF4B491C03831F0001E08C;
			remoteInfo = MyDemo;
		};
/* End PBXContainerItemProxy section */

/* Begin PBXFileReference section */
		7EDF4B4A1C03831F0001E08C /* MyDemo.app */ = {isa = PBXFileReference; explicitFileType = wrapper.application; includeInIndex = 0; path = MyDemo.app; sourceTree = BUILT_PRODUCTS_DIR; };
		7EDF4B4E1C03831F0001E08C /* main.m */ = {isa = PBXFileReference; lastKnownFileType = sourcecode.c.objc; path = main.m; sourceTree = "<group>"; };
		7EDF4B501C03831F0001E08C /* AppDelegate.h */ = {isa = PBXFileReference; lastKnownFileType = sourcecode.c.h; path = AppDelegate.h; sourceTree = "<group>"; };
		7EDF4B511C03831F0001E08C /* AppDelegate.m */ = {isa = PBXFileReference; lastKnownFileType = sourcecode.c.objc; path = AppDelegate.m; sourceTree = "<group>"; };
		7EDF4B591C03831F0001E08C /* Assets.xcassets */ = {isa = PBXFileReference; lastKnownFileType = folder.assetcatalog; path = Assets.xcassets; sourceTree = "<group>"; };
		7EDF4B5C1C03831F0001E08C /* Base */ = {isa = PBXFileReference; lastKnownFileType = file.storyboard; name = Base; path = Base.lproj/LaunchScreen.storyboard; sourceTree = "<group>"; };
		7EDF4B5E1C03831F0001E08C /* Info.plist */ = {isa = PBXFileReference; lastKnownFileType = text.plist.xml; path = Info.plist; sourceTree = "<group>"; };
		7EDF4B631C03831F0001E08C /* MyDemoTests.xctest */ = {isa = PBXFileReference; explicitFileType = wrapper.cfbundle; includeInIndex = 0; path = MyDemoTests.xctest; sourceTree = BUILT_PRODUCTS_DIR; };
		7EDF4B671C03831F0001E08C /* MyDemoTests.m */ = {isa = PBXFileReference; lastKnownFileType = sourcecode.c.objc; path = MyDemoTests.m; sourceTree = "<group>"; };
		7EDF4B691C03831F0001E08C /* Info.plist */ = {isa = PBXFileReference; lastKnownFileType = text.plist.xml; path = Info.plist; sourceTree = "<group>"; };
		7EDF4B6E1C03831F0001E08C /* MyDemoUITests.xctest */ = {isa = PBXFileReference; explicitFileType = wrapper.cfbundle; includeInIndex = 0; path = MyDemoUITests.xctest; sourceTree = BUILT_PRODUCTS_DIR; };
		7EDF4B721C03831F0001E08C /* MyDemoUITests.m */ = {isa = PBXFileReference; lastKnownFileType = sourcecode.c.objc; path = MyDemoUITests.m; sourceTree = "<group>"; };
		7EDF4B741C03831F0001E08C /* Info.plist */ = {isa = PBXFileReference; lastKnownFileType = text.plist.xml; path = Info.plist; sourceTree = "<group>"; };
		7EDF4B801C0383C60001E08C /* BWModel.h */ = {isa = PBXFileReference; fileEncoding = 4; lastKnownFileType = sourcecode.c.h; path = BWModel.h; sourceTree = "<group>"; };
		7EDF4B811C0383C60001E08C /* BWModel.m */ = {isa = PBXFileReference; fileEncoding = 4; lastKnownFileType = sourcecode.c.objc; path = BWModel.m; sourceTree = "<group>"; };
		7EDF4B831C0385B30001E08C /* BWRootViewController.h */ = {isa = PBXFileReference; fileEncoding = 4; lastKnownFileType = sourcecode.c.h; path = BWRootViewController.h; sourceTree = "<group>"; };
		7EDF4B841C0385B30001E08C /* BWRootViewController.m */ = {isa = PBXFileReference; fileEncoding = 4; lastKnownFileType = sourcecode.c.objc; path = BWRootViewController.m; sourceTree = "<group>"; };
		7EDF4B851C0385B30001E08C /* BWRootViewController.xib */ = {isa = PBXFileReference; fileEncoding = 4; lastKnownFileType = file.xib; path = BWRootViewController.xib; sourceTree = "<group>"; };
		7EDF4B881C03861A0001E08C /* MySet.pch */ = {isa = PBXFileReference; lastKnownFileType = sourcecode.c.h; path = MySet.pch; sourceTree = "<group>"; };
/* End PBXFileReference section */

/* Begin PBXFrameworksBuildPhase section */
		7EDF4B471C03831F0001E08C /* Frameworks */ = {
			isa = PBXFrameworksBuildPhase;
			buildActionMask = 2147483647;
			files = (
			);
			runOnlyForDeploymentPostprocessing = 0;
		};
		7EDF4B601C03831F0001E08C /* Frameworks */ = {
			isa = PBXFrameworksBuildPhase;
			buildActionMask = 2147483647;
			files = (
			);
			runOnlyForDeploymentPostprocessing = 0;
		};
		7EDF4B6B1C03831F0001E08C /* Frameworks */ = {
			isa = PBXFrameworksBuildPhase;
			buildActionMask = 2147483647;
			files = (
			);
			runOnlyForDeploymentPostprocessing = 0;
		};
/* End PBXFrameworksBuildPhase section */

/* Begin PBXGroup section */
		7EDF4B411C03831F0001E08C = {
			isa = PBXGroup;
			children = (
				7EDF4B801C0383C60001E08C /* BWModel.h */,
				7EDF4B811C0383C60001E08C /* BWModel.m */,
				7EDF4B4C1C03831F0001E08C /* MyDemo */,
				7EDF4B661C03831F0001E08C /* MyDemoTests */,
				7EDF4B711C03831F0001E08C /* MyDemoUITests */,
				7EDF4B4B1C03831F0001E08C /* Products */,
			);
			sourceTree = "<group>";
		};
		7EDF4B4B1C03831F0001E08C /* Products */ = {
			isa = PBXGroup;
			children = (
				7EDF4B4A1C03831F0001E08C /* MyDemo.app */,
				7EDF4B631C03831F0001E08C /* MyDemoTests.xctest */,
				7EDF4B6E1C03831F0001E08C /* MyDemoUITests.xctest */,
			);
			name = Products;
			sourceTree = "<group>";
		};
		7EDF4B4C1C03831F0001E08C /* MyDemo */ = {
			isa = PBXGroup;
			children = (
				7EDF4B501C03831F0001E08C /* AppDelegate.h */,
				7EDF4B511C03831F0001E08C /* AppDelegate.m */,
				7EDF4B591C03831F0001E08C /* Assets.xcassets */,
				7EDF4B5B1C03831F0001E08C /* LaunchScreen.storyboard */,
				7EDF4B5E1C03831F0001E08C /* Info.plist */,
				7EDF4B4D1C03831F0001E08C /* Supporting Files */,
				7EDF4B831C0385B30001E08C /* BWRootViewController.h */,
				7EDF4B841C0385B30001E08C /* BWRootViewController.m */,
				7EDF4B851C0385B30001E08C /* BWRootViewController.xib */,
				7EDF4B881C03861A0001E08C /* MySet.pch */,
			);
			path = MyDemo;
			sourceTree = "<group>";
		};
		7EDF4B4D1C03831F0001E08C /* Supporting Files */ = {
			isa = PBXGroup;
			children = (
				7EDF4B4E1C03831F0001E08C /* main.m */,
			);
			name = "Supporting Files";
			sourceTree = "<group>";
		};
		7EDF4B661C03831F0001E08C /* MyDemoTests */ = {
			isa = PBXGroup;
			children = (
				7EDF4B671C03831F0001E08C /* MyDemoTests.m */,
				7EDF4B691C03831F0001E08C /* Info.plist */,
			);
			path = MyDemoTests;
			sourceTree = "<group>";
		};
		7EDF4B711C03831F0001E08C /* MyDemoUITests */ = {
			isa = PBXGroup;
			children = (
				7EDF4B721C03831F0001E08C /* MyDemoUITests.m */,
				7EDF4B741C03831F0001E08C /* Info.plist */,
			);
			path = MyDemoUITests;
			sourceTree = "<group>";
		};
/* End PBXGroup section */

/* Begin PBXNativeTarget section */
		7EDF4B491C03831F0001E08C /* MyDemo */ = {
			isa = PBXNativeTarget;
			buildConfigurationList = 7EDF4B771C03831F0001E08C /* Build configuration list for PBXNativeTarget "MyDemo" */;
			buildPhases = (
				7EDF4B461C03831F0001E08C /* Sources */,
				7EDF4B471C03831F0001E08C /* Frameworks */,
				7EDF4B481C03831F0001E08C /* Resources */,
			);
			buildRules = (
			);
			dependencies = (
			);
			name = MyDemo;
			productName = MyDemo;
			productReference = 7EDF4B4A1C03831F0001E08C /* MyDemo.app */;
			productType = "com.apple.product-type.application";
		};
		7EDF4B621C03831F0001E08C /* MyDemoTests */ = {
			isa = PBXNativeTarget;
			buildConfigurationList = 7EDF4B7A1C03831F0001E08C /* Build configuration list for PBXNativeTarget "MyDemoTests" */;
			buildPhases = (
				7EDF4B5F1C03831F0001E08C /* Sources */,
				7EDF4B601C03831F0001E08C /* Frameworks */,
				7EDF4B611C03831F0001E08C /* Resources */,
			);
			buildRules = (
			);
			dependencies = (
				7EDF4B651C03831F0001E08C /* PBXTargetDependency */,
			);
			name = MyDemoTests;
			productName = MyDemoTests;
			productReference = 7EDF4B631C03831F0001E08C /* MyDemoTests.xctest */;
			productType = "com.apple.product-type.bundle.unit-test";
		};
		7EDF4B6D1C03831F0001E08C /* MyDemoUITests */ = {
			isa = PBXNativeTarget;
			buildConfigurationList = 7EDF4B7D1C03831F0001E08C /* Build configuration list for PBXNativeTarget "MyDemoUITests" */;
			buildPhases = (
				7EDF4B6A1C03831F0001E08C /* Sources */,
				7EDF4B6B1C03831F0001E08C /* Frameworks */,
				7EDF4B6C1C03831F0001E08C /* Resources */,
			);
			buildRules = (
			);
			dependencies = (
				7EDF4B701C03831F0001E08C /* PBXTargetDependency */,
			);
			name = MyDemoUITests;
			productName = MyDemoUITests;
			productReference = 7EDF4B6E1C03831F0001E08C /* MyDemoUITests.xctest */;
			productType = "com.apple.product-type.bundle.ui-testing";
		};
/* End PBXNativeTarget section */

/* Begin PBXProject section */
		7EDF4B421C03831F0001E08C /* Project object */ = {
			isa = PBXProject;
			attributes = {
				CLASSPREFIX = BW;
				LastUpgradeCheck = 0700;
				ORGANIZATIONNAME = "尚博文";
				TargetAttributes = {
					7EDF4B491C03831F0001E08C = {
						CreatedOnToolsVersion = 7.0;
						DevelopmentTeam = WUYBDW5S2E;
					};
					7EDF4B621C03831F0001E08C = {
						CreatedOnToolsVersion = 7.0;
						DevelopmentTeam = WUYBDW5S2E;
						TestTargetID = 7EDF4B491C03831F0001E08C;
					};
					7EDF4B6D1C03831F0001E08C = {
						CreatedOnToolsVersion = 7.0;
						DevelopmentTeam = WUYBDW5S2E;
						TestTargetID = 7EDF4B491C03831F0001E08C;
					};
				};
			};
			buildConfigurationList = 7EDF4B451C03831F0001E08C /* Build configuration list for PBXProject "MyDemo" */;
			compatibilityVersion = "Xcode 3.2";
			developmentRegion = English;
			hasScannedForEncodings = 0;
			knownRegions = (
				en,
				Base,
			);
			mainGroup = 7EDF4B411C03831F0001E08C;
			productRefGroup = 7EDF4B4B1C03831F0001E08C /* Products */;
			projectDirPath = "";
			projectRoot = "";
			targets = (
				7EDF4B491C03831F0001E08C /* MyDemo */,
				7EDF4B621C03831F0001E08C /* MyDemoTests */,
				7EDF4B6D1C03831F0001E08C /* MyDemoUITests */,
			);
		};
/* End PBXProject section */

/* Begin PBXResourcesBuildPhase section */
		7EDF4B481C03831F0001E08C /* Resources */ = {
			isa = PBXResourcesBuildPhase;
			buildActionMask = 2147483647;
			files = (
				7EDF4B871C0385B30001E08C /* BWRootViewController.xib in Resources */,
				7EDF4B5D1C03831F0001E08C /* LaunchScreen.storyboard in Resources */,
				7EDF4B5A1C03831F0001E08C /* Assets.xcassets in Resources */,
			);
			runOnlyForDeploymentPostprocessing = 0;
		};
		7EDF4B611C03831F0001E08C /* Resources */ = {
			isa = PBXResourcesBuildPhase;
			buildActionMask = 2147483647;
			files = (
			);
			runOnlyForDeploymentPostprocessing = 0;
		};
		7EDF4B6C1C03831F0001E08C /* Resources */ = {
			isa = PBXResourcesBuildPhase;
			buildActionMask = 2147483647;
			files = (
			);
			runOnlyForDeploymentPostprocessing = 0;
		};
/* End PBXResourcesBuildPhase section */

/* Begin PBXSourcesBuildPhase section */
		7EDF4B461C03831F0001E08C /* Sources */ = {
			isa = PBXSourcesBuildPhase;
			buildActionMask = 2147483647;
			files = (
				7EDF4B521C03831F0001E08C /* AppDelegate.m in Sources */,
				7EDF4B861C0385B30001E08C /* BWRootViewController.m in Sources */,
				7EDF4B821C0383C60001E08C /* BWModel.m in Sources */,
				7EDF4B4F1C03831F0001E08C /* main.m in Sources */,
			);
			runOnlyForDeploymentPostprocessing = 0;
		};
		7EDF4B5F1C03831F0001E08C /* Sources */ = {
			isa = PBXSourcesBuildPhase;
			buildActionMask = 2147483647;
			files = (
				7EDF4B681C03831F0001E08C /* MyDemoTests.m in Sources */,
			);
			runOnlyForDeploymentPostprocessing = 0;
		};
		7EDF4B6A1C03831F0001E08C /* Sources */ = {
			isa = PBXSourcesBuildPhase;
			buildActionMask = 2147483647;
			files = (
				7EDF4B731C03831F0001E08C /* MyDemoUITests.m in Sources */,
			);
			runOnlyForDeploymentPostprocessing = 0;
		};
/* End PBXSourcesBuildPhase section */

/* Begin PBXTargetDependency section */
		7EDF4B651C03831F0001E08C /* PBXTargetDependency */ = {
			isa = PBXTargetDependency;
			target = 7EDF4B491C03831F0001E08C /* MyDemo */;
			targetProxy = 7EDF4B641C03831F0001E08C /* PBXContainerItemProxy */;
		};
		7EDF4B701C03831F0001E08C /* PBXTargetDependency */ = {
			isa = PBXTargetDependency;
			target = 7EDF4B491C03831F0001E08C /* MyDemo */;
			targetProxy = 7EDF4B6F1C03831F0001E08C /* PBXContainerItemProxy */;
		};
/* End PBXTargetDependency section */

/* Begin PBXVariantGroup section */
		7EDF4B5B1C03831F0001E08C /* LaunchScreen.storyboard */ = {
			isa = PBXVariantGroup;
			children = (
				7EDF4B5C1C03831F0001E08C /* Base */,
			);
			name = LaunchScreen.storyboard;
			sourceTree = "<group>";
		};
/* End PBXVariantGroup section */

/* Begin XCBuildConfiguration section */
		7EDF4B751C03831F0001E08C /* Debug */ = {
			isa = XCBuildConfiguration;
			buildSettings = {
				ALWAYS_SEARCH_USER_PATHS = NO;
				CLANG_CXX_LANGUAGE_STANDARD = "gnu++0x";
				CLANG_CXX_LIBRARY = "libc++";
				CLANG_ENABLE_MODULES = YES;
				CLANG_ENABLE_OBJC_ARC = YES;
				CLANG_WARN_BOOL_CONVERSION = YES;
				CLANG_WARN_CONSTANT_CONVERSION = YES;
				CLANG_WARN_DIRECT_OBJC_ISA_USAGE = YES_ERROR;
				CLANG_WARN_EMPTY_BODY = YES;
				CLANG_WARN_ENUM_CONVERSION = YES;
				CLANG_WARN_INT_CONVERSION = YES;
				CLANG_WARN_OBJC_ROOT_CLASS = YES_ERROR;
				CLANG_WARN_UNREACHABLE_CODE = YES;
				CLANG_WARN__DUPLICATE_METHOD_MATCH = YES;
				"CODE_SIGN_IDENTITY[sdk=iphoneos*]" = "iPhone Developer";
				COPY_PHASE_STRIP = NO;
				DEBUG_INFORMATION_FORMAT = dwarf;
				ENABLE_STRICT_OBJC_MSGSEND = YES;
				ENABLE_TESTABILITY = YES;
				GCC_C_LANGUAGE_STANDARD = gnu99;
				GCC_DYNAMIC_NO_PIC = NO;
				GCC_NO_COMMON_BLOCKS = YES;
				GCC_OPTIMIZATION_LEVEL = 0;
				GCC_PREPROCESSOR_DEFINITIONS = (
					"DEBUG=1",
					"$(inherited)",
				);
				GCC_WARN_64_TO_32_BIT_CONVERSION = YES;
				GCC_WARN_ABOUT_RETURN_TYPE = YES_ERROR;
				GCC_WARN_UNDECLARED_SELECTOR = YES;
				GCC_WARN_UNINITIALIZED_AUTOS = YES_AGGRESSIVE;
				GCC_WARN_UNUSED_FUNCTION = YES;
				GCC_WARN_UNUSED_VARIABLE = YES;
				IPHONEOS_DEPLOYMENT_TARGET = 9.0;
				MTL_ENABLE_DEBUG_INFO = YES;
				ONLY_ACTIVE_ARCH = YES;
				SDKROOT = iphoneos;
				TARGETED_DEVICE_FAMILY = "1,2";
			};
			name = Debug;
		};
		7EDF4B761C03831F0001E08C /* Release */ = {
			isa = XCBuildConfiguration;
			buildSettings = {
				ALWAYS_SEARCH_USER_PATHS = NO;
				CLANG_CXX_LANGUAGE_STANDARD = "gnu++0x";
				CLANG_CXX_LIBRARY = "libc++";
				CLANG_ENABLE_MODULES = YES;
				CLANG_ENABLE_OBJC_ARC = YES;
				CLANG_WARN_BOOL_CONVERSION = YES;
				CLANG_WARN_CONSTANT_CONVERSION = YES;
				CLANG_WARN_DIRECT_OBJC_ISA_USAGE = YES_ERROR;
				CLANG_WARN_EMPTY_BODY = YES;
				CLANG_WARN_ENUM_CONVERSION = YES;
				CLANG_WARN_INT_CONVERSION = YES;
				CLANG_WARN_OBJC_ROOT_CLASS = YES_ERROR;
				CLANG_WARN_UNREACHABLE_CODE = YES;
				CLANG_WARN__DUPLICATE_METHOD_MATCH = YES;
				"CODE_SIGN_IDENTITY[sdk=iphoneos*]" = "iPhone Developer";
				COPY_PHASE_STRIP = NO;
				DEBUG_INFORMATION_FORMAT = "dwarf-with-dsym";
				ENABLE_NS_ASSERTIONS = NO;
				ENABLE_STRICT_OBJC_MSGSEND = YES;
				GCC_C_LANGUAGE_STANDARD = gnu99;
				GCC_NO_COMMON_BLOCKS = YES;
				GCC_WARN_64_TO_32_BIT_CONVERSION = YES;
				GCC_WARN_ABOUT_RETURN_TYPE = YES_ERROR;
				GCC_WARN_UNDECLARED_SELECTOR = YES;
				GCC_WARN_UNINITIALIZED_AUTOS = YES_AGGRESSIVE;
				GCC_WARN_UNUSED_FUNCTION = YES;
				GCC_WARN_UNUSED_VARIABLE = YES;
				IPHONEOS_DEPLOYMENT_TARGET = 9.0;
				MTL_ENABLE_DEBUG_INFO = NO;
				SDKROOT = iphoneos;
				TARGETED_DEVICE_FAMILY = "1,2";
				VALIDATE_PRODUCT = YES;
			};
			name = Release;
		};
		7EDF4B781C03831F0001E08C /* Debug */ = {
			isa = XCBuildConfiguration;
			buildSettings = {
				ASSETCATALOG_COMPILER_APPICON_NAME = AppIcon;
				GCC_PREFIX_HEADER = "$(SRCROOT)/MyDemo/MySet.pch";
				INFOPLIST_FILE = MyDemo/Info.plist;
				IPHONEOS_DEPLOYMENT_TARGET = 9.0;
				LD_RUNPATH_SEARCH_PATHS = "$(inherited) @executable_path/Frameworks";
				PRODUCT_BUNDLE_IDENTIFIER = "---.MyDemo";
				PRODUCT_NAME = "$(TARGET_NAME)";
			};
			name = Debug;
		};
		7EDF4B791C03831F0001E08C /* Release */ = {
			isa = XCBuildConfiguration;
			buildSettings = {
				ASSETCATALOG_COMPILER_APPICON_NAME = AppIcon;
				GCC_PREFIX_HEADER = "$(SRCROOT)/MyDemo/MySet.pch";
				INFOPLIST_FILE = MyDemo/Info.plist;
				IPHONEOS_DEPLOYMENT_TARGET = 9.0;
				LD_RUNPATH_SEARCH_PATHS = "$(inherited) @executable_path/Frameworks";
				PRODUCT_BUNDLE_IDENTIFIER = "---.MyDemo";
				PRODUCT_NAME = "$(TARGET_NAME)";
			};
			name = Release;
		};
		7EDF4B7B1C03831F0001E08C /* Debug */ = {
			isa = XCBuildConfiguration;
			buildSettings = {
				BUNDLE_LOADER = "$(TEST_HOST)";
				INFOPLIST_FILE = MyDemoTests/Info.plist;
				LD_RUNPATH_SEARCH_PATHS = "$(inherited) @executable_path/Frameworks @loader_path/Frameworks";
				PRODUCT_BUNDLE_IDENTIFIER = "---.MyDemoTests";
				PRODUCT_NAME = "$(TARGET_NAME)";
				TEST_HOST = "$(BUILT_PRODUCTS_DIR)/MyDemo.app/MyDemo";
			};
			name = Debug;
		};
		7EDF4B7C1C03831F0001E08C /* Release */ = {
			isa = XCBuildConfiguration;
			buildSettings = {
				BUNDLE_LOADER = "$(TEST_HOST)";
				INFOPLIST_FILE = MyDemoTests/Info.plist;
				LD_RUNPATH_SEARCH_PATHS = "$(inherited) @executable_path/Frameworks @loader_path/Frameworks";
				PRODUCT_BUNDLE_IDENTIFIER = "---.MyDemoTests";
				PRODUCT_NAME = "$(TARGET_NAME)";
				TEST_HOST = "$(BUILT_PRODUCTS_DIR)/MyDemo.app/MyDemo";
			};
			name = Release;
		};
		7EDF4B7E1C03831F0001E08C /* Debug */ = {
			isa = XCBuildConfiguration;
			buildSettings = {
				INFOPLIST_FILE = MyDemoUITests/Info.plist;
				LD_RUNPATH_SEARCH_PATHS = "$(inherited) @executable_path/Frameworks @loader_path/Frameworks";
				PRODUCT_BUNDLE_IDENTIFIER = "---.MyDemoUITests";
				PRODUCT_NAME = "$(TARGET_NAME)";
				TEST_TARGET_NAME = MyDemo;
				USES_XCTRUNNER = YES;
			};
			name = Debug;
		};
		7EDF4B7F1C03831F0001E08C /* Release */ = {
			isa = XCBuildConfiguration;
			buildSettings = {
				INFOPLIST_FILE = MyDemoUITests/Info.plist;
				LD_RUNPATH_SEARCH_PATHS = "$(inherited) @executable_path/Frameworks @loader_path/Frameworks";
				PRODUCT_BUNDLE_IDENTIFIER = "---.MyDemoUITests";
				PRODUCT_NAME = "$(TARGET_NAME)";
				TEST_TARGET_NAME = MyDemo;
				USES_XCTRUNNER = YES;
			};
			name = Release;
		};
/* End XCBuildConfiguration section */

/* Begin XCConfigurationList section */
		7EDF4B451C03831F0001E08C /* Build configuration list for PBXProject "MyDemo" */ = {
			isa = XCConfigurationList;
			buildConfigurations = (
				7EDF4B751C03831F0001E08C /* Debug */,
				7EDF4B761C03831F0001E08C /* Release */,
			);
			defaultConfigurationIsVisible = 0;
			defaultConfigurationName = Release;
		};
		7EDF4B771C03831F0001E08C /* Build configuration list for PBXNativeTarget "MyDemo" */ = {
			isa = XCConfigurationList;
			buildConfigurations = (
				7EDF4B781C03831F0001E08C /* Debug */,
				7EDF4B791C03831F0001E08C /* Release */,
			);
			defaultConfigurationIsVisible = 0;
		};
		7EDF4B7A1C03831F0001E08C /* Build configuration list for PBXNativeTarget "MyDemoTests" */ = {
			isa = XCConfigurationList;
			buildConfigurations = (
				7EDF4B7B1C03831F0001E08C /* Debug */,
				7EDF4B7C1C03831F0001E08C /* Release */,
			);
			defaultConfigurationIsVisible = 0;
		};
		7EDF4B7D1C03831F0001E08C /* Build configuration list for PBXNativeTarget "MyDemoUITests" */ = {
			isa = XCConfigurationList;
			buildConfigurations = (
				7EDF4B7E1C03831F0001E08C /* Debug */,
				7EDF4B7F1C03831F0001E08C /* Release */,
			);
			defaultConfigurationIsVisible = 0;
		};
/* End XCConfigurationList section */
	};
	rootObject = 7EDF4B421C03831F0001E08C /* Project object */;
}
